
Microsoft Visual Studio Solution File, Format Version 12.00
# Visual Studio Version 17
VisualStudioVersion = 17.6.33723.286
MinimumVisualStudioVersion = 10.0.40219.1
Project("{FAE04EC0-301F-11D3-BF4B-00C04F79EFBC}") = "MagicCoins", "MagicCoins\MagicCoins.csproj", "{18987FA9-539F-46B2-B186-3A94A1DEF68B}"
EndProject
Global
	GlobalSection(SolutionConfigurationPlatforms) = preSolution
		Debug|Any CPU = Debug|Any CPU
		Release|Any CPU = Release|Any CPU
	EndGlobalSection
	GlobalSection(ProjectConfigurationPlatforms) = postSolution
		{18987FA9-539F-46B2-B186-3A94A1DEF68B}.Debug|Any CPU.ActiveCfg = Debug|Any CPU
		{18987FA9-539F-46B2-B186-3A94A1DEF68B}.Debug|Any CPU.Build.0 = Debug|Any CPU
		{18987FA9-539F-46B2-B186-3A94A1DEF68B}.Release|Any CPU.ActiveCfg = Release|Any CPU
		{18987FA9-539F-46B2-B186-3A94A1DEF68B}.Release|Any CPU.Build.0 = Release|Any CPU
	EndGlobalSection
	GlobalSection(SolutionProperties) = preSolution
		HideSolutionNode = FALSE
	EndGlobalSection
	GlobalSection(ExtensibilityGlobals) = postSolution
		SolutionGuid = {4FF1AEA4-77D7-4376-8B23-6AC55721DAE7}
	EndGlobalSection
EndGlobal
