
Microsoft Visual Studio Solution File, Format Version 12.00
# Visual Studio Version 17
VisualStudioVersion = 17.6.33723.286
MinimumVisualStudioVersion = 10.0.40219.1
Project("{9A19103F-16F7-4668-BE54-9A1E7A4F7556}") = "ConsoleApp1", "ConsoleApp1\ConsoleApp1.csproj", "{8F9E4879-0929-44A2-B60C-FC206A43AD3E}"
EndProject
Project("{FAE04EC0-301F-11D3-BF4B-00C04F79EFBC}") = "ConsoleApp2", "ConsoleApp2\ConsoleApp2.csproj", "{946FA358-86DC-4822-8F94-1BD1D362C21E}"
EndProject
Project("{FAE04EC0-301F-11D3-BF4B-00C04F79EFBC}") = "ConsoleApp3", "ConsoleApp3\ConsoleApp3.csproj", "{8986A7E9-847C-4E99-86F3-AAE8D2C9BA62}"
EndProject
Project("{FAE04EC0-301F-11D3-BF4B-00C04F79EFBC}") = "ConsoleApp4", "ConsoleApp4\ConsoleApp4.csproj", "{59D062FD-11C6-4975-8138-52D38A86A870}"
EndProject
Global
	GlobalSection(SolutionConfigurationPlatforms) = preSolution
		Debug|Any CPU = Debug|Any CPU
		Release|Any CPU = Release|Any CPU
	EndGlobalSection
	GlobalSection(ProjectConfigurationPlatforms) = postSolution
		{8F9E4879-0929-44A2-B60C-FC206A43AD3E}.Debug|Any CPU.ActiveCfg = Debug|Any CPU
		{8F9E4879-0929-44A2-B60C-FC206A43AD3E}.Debug|Any CPU.Build.0 = Debug|Any CPU
		{8F9E4879-0929-44A2-B60C-FC206A43AD3E}.Release|Any CPU.ActiveCfg = Release|Any CPU
		{8F9E4879-0929-44A2-B60C-FC206A43AD3E}.Release|Any CPU.Build.0 = Release|Any CPU
		{946FA358-86DC-4822-8F94-1BD1D362C21E}.Debug|Any CPU.ActiveCfg = Debug|Any CPU
		{946FA358-86DC-4822-8F94-1BD1D362C21E}.Debug|Any CPU.Build.0 = Debug|Any CPU
		{946FA358-86DC-4822-8F94-1BD1D362C21E}.Release|Any CPU.ActiveCfg = Release|Any CPU
		{946FA358-86DC-4822-8F94-1BD1D362C21E}.Release|Any CPU.Build.0 = Release|Any CPU
		{8986A7E9-847C-4E99-86F3-AAE8D2C9BA62}.Debug|Any CPU.ActiveCfg = Debug|Any CPU
		{8986A7E9-847C-4E99-86F3-AAE8D2C9BA62}.Debug|Any CPU.Build.0 = Debug|Any CPU
		{8986A7E9-847C-4E99-86F3-AAE8D2C9BA62}.Release|Any CPU.ActiveCfg = Release|Any CPU
		{8986A7E9-847C-4E99-86F3-AAE8D2C9BA62}.Release|Any CPU.Build.0 = Release|Any CPU
		{59D062FD-11C6-4975-8138-52D38A86A870}.Debug|Any CPU.ActiveCfg = Debug|Any CPU
		{59D062FD-11C6-4975-8138-52D38A86A870}.Debug|Any CPU.Build.0 = Debug|Any CPU
		{59D062FD-11C6-4975-8138-52D38A86A870}.Release|Any CPU.ActiveCfg = Release|Any CPU
		{59D062FD-11C6-4975-8138-52D38A86A870}.Release|Any CPU.Build.0 = Release|Any CPU
	EndGlobalSection
	GlobalSection(SolutionProperties) = preSolution
		HideSolutionNode = FALSE
	EndGlobalSection
	GlobalSection(ExtensibilityGlobals) = postSolution
		SolutionGuid = {B169378E-712F-4DA4-B42A-00F779FD92AF}
	EndGlobalSection
EndGlobal
